{
  "name": "@hexlet/code",
  "version": "1.0.0",
  "lockfileVersion": 1,
  "requires": true,
  "dependencies": {
    "es-module-loader": {
      "version": "2.3.0",
      "resolved": "https://registry.npmjs.org/es-module-loader/-/es-module-loader-2.3.0.tgz",
      "integrity": "sha512-iuw5FdVMYA5d7CWCpGL3NcmRD2kWLGTNUds+vdcRuDWjnEsird1K7pSD9PXmvOU/B8sb4by12/9MFZD2hwXdAQ==",
      "dev": true
    },
    "readline-sync": {
      "version": "1.4.10",
      "resolved": "https://registry.npmjs.org/readline-sync/-/readline-sync-1.4.10.tgz",
      "integrity": "sha512-gNva8/6UAe8QYepIQH/jQ2qn91Qj0B9sYjMBBs3QOB8F2CXcKgLxQaJRP76sWVRQt+QU+8fAkCbCvjjMFu7Ycw=="
    }
  }
}
